
Microsoft Visual Studio Solution File, Format Version 12.00
# Visual Studio Version 17
VisualStudioVersion = 17.4.33110.190
MinimumVisualStudioVersion = 10.0.40219.1
Project("{FAE04EC0-301F-11D3-BF4B-00C04F79EFBC}") = "AquavisionConfigurator", "AquavisionConfigurator\AquavisionConfigurator.csproj", "{591CF806-9852-4907-AAD3-D0D99C2C5C8E}"
EndProject
Project("{FAE04EC0-301F-11D3-BF4B-00C04F79EFBC}") = "Aquavision.Administration", "Aquavision.Administrator\Aquavision.Administration.csproj", "{99625AE4-D478-4582-887D-8146FB94C0C8}"
EndProject
Project("{FAE04EC0-301F-11D3-BF4B-00C04F79EFBC}") = "Aquavision.Data", "Aquavision.Data\Aquavision.Data.csproj", "{EBFAED95-376A-44A8-AE84-79A8AAF85BDB}"
EndProject
Global
	GlobalSection(SolutionConfigurationPlatforms) = preSolution
		Debug|Any CPU = Debug|Any CPU
		Debug|x86 = Debug|x86
		DebugLive|Any CPU = DebugLive|Any CPU
		DebugLive|x86 = DebugLive|x86
		Release|Any CPU = Release|Any CPU
		Release|x86 = Release|x86
		Staging|Any CPU = Staging|Any CPU
		Staging|x86 = Staging|x86
	EndGlobalSection
	GlobalSection(ProjectConfigurationPlatforms) = postSolution
		{591CF806-9852-4907-AAD3-D0D99C2C5C8E}.Debug|Any CPU.ActiveCfg = Debug|Any CPU
		{591CF806-9852-4907-AAD3-D0D99C2C5C8E}.Debug|Any CPU.Build.0 = Debug|Any CPU
		{591CF806-9852-4907-AAD3-D0D99C2C5C8E}.Debug|x86.ActiveCfg = Debug|Any CPU
		{591CF806-9852-4907-AAD3-D0D99C2C5C8E}.Debug|x86.Build.0 = Debug|Any CPU
		{591CF806-9852-4907-AAD3-D0D99C2C5C8E}.DebugLive|Any CPU.ActiveCfg = Debug|Any CPU
		{591CF806-9852-4907-AAD3-D0D99C2C5C8E}.DebugLive|Any CPU.Build.0 = Debug|Any CPU
		{591CF806-9852-4907-AAD3-D0D99C2C5C8E}.DebugLive|x86.ActiveCfg = Debug|Any CPU
		{591CF806-9852-4907-AAD3-D0D99C2C5C8E}.DebugLive|x86.Build.0 = Debug|Any CPU
		{591CF806-9852-4907-AAD3-D0D99C2C5C8E}.Release|Any CPU.ActiveCfg = Release|Any CPU
		{591CF806-9852-4907-AAD3-D0D99C2C5C8E}.Release|Any CPU.Build.0 = Release|Any CPU
		{591CF806-9852-4907-AAD3-D0D99C2C5C8E}.Release|x86.ActiveCfg = Release|Any CPU
		{591CF806-9852-4907-AAD3-D0D99C2C5C8E}.Release|x86.Build.0 = Release|Any CPU
		{591CF806-9852-4907-AAD3-D0D99C2C5C8E}.Staging|Any CPU.ActiveCfg = Release|Any CPU
		{591CF806-9852-4907-AAD3-D0D99C2C5C8E}.Staging|Any CPU.Build.0 = Release|Any CPU
		{591CF806-9852-4907-AAD3-D0D99C2C5C8E}.Staging|x86.ActiveCfg = Release|Any CPU
		{591CF806-9852-4907-AAD3-D0D99C2C5C8E}.Staging|x86.Build.0 = Release|Any CPU
		{99625AE4-D478-4582-887D-8146FB94C0C8}.Debug|Any CPU.ActiveCfg = Debug|Any CPU
		{99625AE4-D478-4582-887D-8146FB94C0C8}.Debug|Any CPU.Build.0 = Debug|Any CPU
		{99625AE4-D478-4582-887D-8146FB94C0C8}.Debug|x86.ActiveCfg = Debug|Any CPU
		{99625AE4-D478-4582-887D-8146FB94C0C8}.Debug|x86.Build.0 = Debug|Any CPU
		{99625AE4-D478-4582-887D-8146FB94C0C8}.DebugLive|Any CPU.ActiveCfg = Debug|Any CPU
		{99625AE4-D478-4582-887D-8146FB94C0C8}.DebugLive|Any CPU.Build.0 = Debug|Any CPU
		{99625AE4-D478-4582-887D-8146FB94C0C8}.DebugLive|x86.ActiveCfg = Debug|Any CPU
		{99625AE4-D478-4582-887D-8146FB94C0C8}.DebugLive|x86.Build.0 = Debug|Any CPU
		{99625AE4-D478-4582-887D-8146FB94C0C8}.Release|Any CPU.ActiveCfg = Release|Any CPU
		{99625AE4-D478-4582-887D-8146FB94C0C8}.Release|Any CPU.Build.0 = Release|Any CPU
		{99625AE4-D478-4582-887D-8146FB94C0C8}.Release|x86.ActiveCfg = Release|Any CPU
		{99625AE4-D478-4582-887D-8146FB94C0C8}.Release|x86.Build.0 = Release|Any CPU
		{99625AE4-D478-4582-887D-8146FB94C0C8}.Staging|Any CPU.ActiveCfg = Release|Any CPU
		{99625AE4-D478-4582-887D-8146FB94C0C8}.Staging|Any CPU.Build.0 = Release|Any CPU
		{99625AE4-D478-4582-887D-8146FB94C0C8}.Staging|x86.ActiveCfg = Release|Any CPU
		{99625AE4-D478-4582-887D-8146FB94C0C8}.Staging|x86.Build.0 = Release|Any CPU
		{EBFAED95-376A-44A8-AE84-79A8AAF85BDB}.Debug|Any CPU.ActiveCfg = Debug|Any CPU
		{EBFAED95-376A-44A8-AE84-79A8AAF85BDB}.Debug|Any CPU.Build.0 = Debug|Any CPU
		{EBFAED95-376A-44A8-AE84-79A8AAF85BDB}.Debug|x86.ActiveCfg = Debug|Any CPU
		{EBFAED95-376A-44A8-AE84-79A8AAF85BDB}.Debug|x86.Build.0 = Debug|Any CPU
		{EBFAED95-376A-44A8-AE84-79A8AAF85BDB}.DebugLive|Any CPU.ActiveCfg = Debug|Any CPU
		{EBFAED95-376A-44A8-AE84-79A8AAF85BDB}.DebugLive|Any CPU.Build.0 = Debug|Any CPU
		{EBFAED95-376A-44A8-AE84-79A8AAF85BDB}.DebugLive|x86.ActiveCfg = Debug|Any CPU
		{EBFAED95-376A-44A8-AE84-79A8AAF85BDB}.DebugLive|x86.Build.0 = Debug|Any CPU
		{EBFAED95-376A-44A8-AE84-79A8AAF85BDB}.Release|Any CPU.ActiveCfg = Release|Any CPU
		{EBFAED95-376A-44A8-AE84-79A8AAF85BDB}.Release|Any CPU.Build.0 = Release|Any CPU
		{EBFAED95-376A-44A8-AE84-79A8AAF85BDB}.Release|x86.ActiveCfg = Release|Any CPU
		{EBFAED95-376A-44A8-AE84-79A8AAF85BDB}.Release|x86.Build.0 = Release|Any CPU
		{EBFAED95-376A-44A8-AE84-79A8AAF85BDB}.Staging|Any CPU.ActiveCfg = Debug|Any CPU
		{EBFAED95-376A-44A8-AE84-79A8AAF85BDB}.Staging|Any CPU.Build.0 = Debug|Any CPU
		{EBFAED95-376A-44A8-AE84-79A8AAF85BDB}.Staging|x86.ActiveCfg = Debug|Any CPU
		{EBFAED95-376A-44A8-AE84-79A8AAF85BDB}.Staging|x86.Build.0 = Debug|Any CPU
	EndGlobalSection
	GlobalSection(SolutionProperties) = preSolution
		HideSolutionNode = FALSE
	EndGlobalSection
	GlobalSection(ExtensibilityGlobals) = postSolution
		SolutionGuid = {B9AC646F-A0EA-4DB3-8EE1-34E544A7CE15}
	EndGlobalSection
EndGlobal
