
Microsoft Visual Studio Solution File, Format Version 12.00
# Visual Studio Version 17
VisualStudioVersion = 17.4.33110.190
MinimumVisualStudioVersion = 10.0.40219.1
Project("{FAE04EC0-301F-11D3-BF4B-00C04F79EFBC}") = "AquavisionConfigurator", "AquavisionConfigurator\AquavisionConfigurator.csproj", "{591CF806-9852-4907-AAD3-D0D99C2C5C8E}"
EndProject
Global
	GlobalSection(SolutionConfigurationPlatforms) = preSolution
		Debug|Any CPU = Debug|Any CPU
		Release|Any CPU = Release|Any CPU
	EndGlobalSection
	GlobalSection(ProjectConfigurationPlatforms) = postSolution
		{591CF806-9852-4907-AAD3-D0D99C2C5C8E}.Debug|Any CPU.ActiveCfg = Debug|Any CPU
		{591CF806-9852-4907-AAD3-D0D99C2C5C8E}.Debug|Any CPU.Build.0 = Debug|Any CPU
		{591CF806-9852-4907-AAD3-D0D99C2C5C8E}.Release|Any CPU.ActiveCfg = Release|Any CPU
		{591CF806-9852-4907-AAD3-D0D99C2C5C8E}.Release|Any CPU.Build.0 = Release|Any CPU
	EndGlobalSection
	GlobalSection(SolutionProperties) = preSolution
		HideSolutionNode = FALSE
	EndGlobalSection
	GlobalSection(ExtensibilityGlobals) = postSolution
		SolutionGuid = {B9AC646F-A0EA-4DB3-8EE1-34E544A7CE15}
	EndGlobalSection
EndGlobal
